
Microsoft Visual Studio Solution File, Format Version 12.00
# Visual Studio Version 16
VisualStudioVersion = 16.0.29519.181
MinimumVisualStudioVersion = 10.0.40219.1
Project("{FAE04EC0-301F-11D3-BF4B-00C04F79EFBC}") = "Data Preparation Application", "Data Preparation Application.csproj", "{D6ED7F3A-1866-4060-AC3D-F05E6E4727DB}"
EndProject
Global
	GlobalSection(SolutionConfigurationPlatforms) = preSolution
		Debug|Any CPU = Debug|Any CPU
		Release|Any CPU = Release|Any CPU
	EndGlobalSection
	GlobalSection(ProjectConfigurationPlatforms) = postSolution
		{D6ED7F3A-1866-4060-AC3D-F05E6E4727DB}.Debug|Any CPU.ActiveCfg = Debug|Any CPU
		{D6ED7F3A-1866-4060-AC3D-F05E6E4727DB}.Debug|Any CPU.Build.0 = Debug|Any CPU
		{D6ED7F3A-1866-4060-AC3D-F05E6E4727DB}.Release|Any CPU.ActiveCfg = Release|Any CPU
		{D6ED7F3A-1866-4060-AC3D-F05E6E4727DB}.Release|Any CPU.Build.0 = Release|Any CPU
	EndGlobalSection
	GlobalSection(SolutionProperties) = preSolution
		HideSolutionNode = FALSE
	EndGlobalSection
	GlobalSection(ExtensibilityGlobals) = postSolution
		SolutionGuid = {98F2FE23-1DB7-40C9-8EED-B7CDDD926986}
	EndGlobalSection
EndGlobal
